
Microsoft Visual Studio Solution File, Format Version 12.00
# Visual Studio Version 16
VisualStudioVersion = 16.0.32002.261
MinimumVisualStudioVersion = 10.0.40219.1
Project("{FAE04EC0-301F-11D3-BF4B-00C04F79EFBC}") = "IAMCandidateTest", "IAMCandidateTest\IAMCandidateTest.csproj", "{88AEB6ED-A7A5-4CF8-B6DE-2D877C555B3C}"
EndProject
Project("{2150E333-8FDC-42A3-9474-1A3956D46DE8}") = "Shared", "Shared", "{42B05416-EC12-4D4C-80E4-35784693CBE0}"
EndProject
Project("{00D1A9C2-B5F0-4AF3-8072-F6C62B433612}") = "IAMCandidateTest.Database", "..\shared\IAMCandidateTest.Database\IAMCandidateTest.Database.sqlproj", "{2BCF9553-9607-4109-91AB-D329559456FB}"
EndProject
Project("{2150E333-8FDC-42A3-9474-1A3956D46DE8}") = "Information", "Information", "{D975AC58-E721-493F-98CB-BF0C868784E4}"
	ProjectSection(SolutionItems) = preProject
		..\FINAL_NOTES.md = ..\FINAL_NOTES.md
		..\INSTRUCTIONS.md = ..\INSTRUCTIONS.md
		..\README.md = ..\README.md
	EndProjectSection
EndProject
Project("{9A19103F-16F7-4668-BE54-9A1E7A4F7556}") = "IAMCandidateTestModels_MarkSeno", "..\modern\IAMCandidateTestModels_MarkSeno\IAMCandidateTestModels_MarkSeno.csproj", "{B1C605DB-81C6-4340-9F39-0CE6261DED6F}"
EndProject
Project("{FAE04EC0-301F-11D3-BF4B-00C04F79EFBC}") = "IAMCandidateTestAPI_MarkSeno", "IAMCandidateTestAPI_MarkSeno\IAMCandidateTestAPI_MarkSeno.csproj", "{8143DA72-3609-48AD-9A80-AC0BEFE78A3E}"
EndProject
Global
	GlobalSection(SolutionConfigurationPlatforms) = preSolution
		Debug|Any CPU = Debug|Any CPU
		Release|Any CPU = Release|Any CPU
	EndGlobalSection
	GlobalSection(ProjectConfigurationPlatforms) = postSolution
		{88AEB6ED-A7A5-4CF8-B6DE-2D877C555B3C}.Debug|Any CPU.ActiveCfg = Debug|Any CPU
		{88AEB6ED-A7A5-4CF8-B6DE-2D877C555B3C}.Debug|Any CPU.Build.0 = Debug|Any CPU
		{88AEB6ED-A7A5-4CF8-B6DE-2D877C555B3C}.Release|Any CPU.ActiveCfg = Release|Any CPU
		{88AEB6ED-A7A5-4CF8-B6DE-2D877C555B3C}.Release|Any CPU.Build.0 = Release|Any CPU
		{2BCF9553-9607-4109-91AB-D329559456FB}.Debug|Any CPU.ActiveCfg = Debug|Any CPU
		{2BCF9553-9607-4109-91AB-D329559456FB}.Debug|Any CPU.Build.0 = Debug|Any CPU
		{2BCF9553-9607-4109-91AB-D329559456FB}.Debug|Any CPU.Deploy.0 = Debug|Any CPU
		{2BCF9553-9607-4109-91AB-D329559456FB}.Release|Any CPU.ActiveCfg = Release|Any CPU
		{2BCF9553-9607-4109-91AB-D329559456FB}.Release|Any CPU.Build.0 = Release|Any CPU
		{2BCF9553-9607-4109-91AB-D329559456FB}.Release|Any CPU.Deploy.0 = Release|Any CPU
		{B1C605DB-81C6-4340-9F39-0CE6261DED6F}.Debug|Any CPU.ActiveCfg = Debug|Any CPU
		{B1C605DB-81C6-4340-9F39-0CE6261DED6F}.Debug|Any CPU.Build.0 = Debug|Any CPU
		{B1C605DB-81C6-4340-9F39-0CE6261DED6F}.Release|Any CPU.ActiveCfg = Release|Any CPU
		{B1C605DB-81C6-4340-9F39-0CE6261DED6F}.Release|Any CPU.Build.0 = Release|Any CPU
		{8143DA72-3609-48AD-9A80-AC0BEFE78A3E}.Debug|Any CPU.ActiveCfg = Debug|Any CPU
		{8143DA72-3609-48AD-9A80-AC0BEFE78A3E}.Debug|Any CPU.Build.0 = Debug|Any CPU
		{8143DA72-3609-48AD-9A80-AC0BEFE78A3E}.Release|Any CPU.ActiveCfg = Release|Any CPU
		{8143DA72-3609-48AD-9A80-AC0BEFE78A3E}.Release|Any CPU.Build.0 = Release|Any CPU
	EndGlobalSection
	GlobalSection(SolutionProperties) = preSolution
		HideSolutionNode = FALSE
	EndGlobalSection
	GlobalSection(NestedProjects) = preSolution
		{2BCF9553-9607-4109-91AB-D329559456FB} = {42B05416-EC12-4D4C-80E4-35784693CBE0}
	EndGlobalSection
	GlobalSection(ExtensibilityGlobals) = postSolution
		SolutionGuid = {A84F162E-0E62-4B72-BBF4-B829FCB6D9D7}
	EndGlobalSection
EndGlobal
